
Microsoft Visual Studio Solution File, Format Version 12.00
Project("{FAE04EC0-301F-11D3-BF4B-00C04F79EFBC}") = "SummerPractice2020", "SummerPractice2020.csproj", "{C89AAA94-0DEB-4F45-9EFD-AC6F791ABA7C}"
EndProject
Global
	GlobalSection(SolutionConfigurationPlatforms) = preSolution
		Debug|Any CPU = Debug|Any CPU
		Release|Any CPU = Release|Any CPU
	EndGlobalSection
	GlobalSection(ProjectConfigurationPlatforms) = postSolution
		{C89AAA94-0DEB-4F45-9EFD-AC6F791ABA7C}.Debug|Any CPU.ActiveCfg = Debug|Any CPU
		{C89AAA94-0DEB-4F45-9EFD-AC6F791ABA7C}.Debug|Any CPU.Build.0 = Debug|Any CPU
		{C89AAA94-0DEB-4F45-9EFD-AC6F791ABA7C}.Release|Any CPU.ActiveCfg = Release|Any CPU
		{C89AAA94-0DEB-4F45-9EFD-AC6F791ABA7C}.Release|Any CPU.Build.0 = Release|Any CPU
	EndGlobalSection
EndGlobal
